PODS:
  - AHEasing (1.2)
  - NibDesignable (2.1.0)
  - RBStoryboardLink (0.1.4)

DEPENDENCIES:
  - AHEasing
  - NibDesignable
  - RBStoryboardLink (~> 0.1)

SPEC CHECKSUMS:
  AHEasing: 847f583bcd83a2bb850e38ccdb26d22e2593f34d
  NibDesignable: 9c41809e5b8ca2bdaf85e70316b2e7073db78e7f
  RBStoryboardLink: 0faae84aea6a5e8716c4469984d847d958c3fcb3

COCOAPODS: 0.38.2
